# THIS IS AN AUTOGENERATED FILE. DO NOT EDIT THIS FILE DIRECTLY.
# yarn lockfile v1


"@next/env@13.1.6":
  version "13.1.6"
  resolved "https://npm.iranrepo.ir/api/npm/npm-all/@next/env/-/env-13.1.6.tgz#c4925609f16142ded1a5cb833359ab17359b7a93"
  integrity sha1-xJJWCfFhQt7RpcuDM1mrFzWbepM=

"@next/font@13.1.6":
  version "13.1.6"
  resolved "https://npm.iranrepo.ir/api/npm/npm-all/@next/font/-/font-13.1.6.tgz#2bf99e3321ec9b4d65781c0d0ebff072e8752e1a"
  integrity sha1-K/meMyHsm01leBwNDr/wcuh1Lho=

"@next/swc-android-arm-eabi@13.1.6":
  version "13.1.6"
  resolved "https://npm.iranrepo.ir/api/npm/npm-all/@next/swc-android-arm-eabi/-/swc-android-arm-eabi-13.1.6.tgz#d766dfc10e27814d947b20f052067c239913dbcc"
  integrity sha1-12bfwQ4ngU2UeyDwUgZ8I5kT28w=

"@next/swc-android-arm64@13.1.6":
  version "13.1.6"
  resolved "https://npm.iranrepo.ir/api/npm/npm-all/@next/swc-android-arm64/-/swc-android-arm64-13.1.6.tgz#f37a98d5f18927d8c9970d750d516ac779465176"
  integrity sha1-83qY1fGJJ9jJlw11DVFqx3lGUXY=

"@next/swc-darwin-arm64@13.1.6":
  version "13.1.6"
  resolved "https://npm.iranrepo.ir/api/npm/npm-all/@next/swc-darwin-arm64/-/swc-darwin-arm64-13.1.6.tgz#ec1b90fd9bf809d8b81004c5182e254dced4ad96"
  integrity sha1-7BuQ/Zv4Cdi4EATFGC4lTc7UrZY=

"@next/swc-darwin-x64@13.1.6":
  version "13.1.6"
  resolved "https://npm.iranrepo.ir/api/npm/npm-all/@next/swc-darwin-x64/-/swc-darwin-x64-13.1.6.tgz#e869ac75d16995eee733a7d1550322d9051c1eb4"
  integrity sha1-6GmsddFple7nM6fRVQMi2QUcHrQ=

"@next/swc-freebsd-x64@13.1.6":
  version "13.1.6"
  resolved "https://npm.iranrepo.ir/api/npm/npm-all/@next/swc-freebsd-x64/-/swc-freebsd-x64-13.1.6.tgz#84a7b2e423a2904afc2edca21c2f1ba6b53fa4c1"
  integrity sha1-hKey5COikEr8LtyiHC8bprU/pME=

"@next/swc-linux-arm-gnueabihf@13.1.6":
  version "13.1.6"
  resolved "https://npm.iranrepo.ir/api/npm/npm-all/@next/swc-linux-arm-gnueabihf/-/swc-linux-arm-gnueabihf-13.1.6.tgz#980eed1f655ff8a72187d8a6ef9e73ac39d20d23"
  integrity sha1-mA7tH2Vf+Kchh9im755zrDnSDSM=

"@next/swc-linux-arm64-gnu@13.1.6":
  version "13.1.6"
  resolved "https://npm.iranrepo.ir/api/npm/npm-all/@next/swc-linux-arm64-gnu/-/swc-linux-arm64-gnu-13.1.6.tgz#87a71db21cded3f7c63d1d19079845c59813c53d"
  integrity sha1-h6cdshze0/fGPR0ZB5hFxZgTxT0=

"@next/swc-linux-arm64-musl@13.1.6":
  version "13.1.6"
  resolved "https://npm.iranrepo.ir/api/npm/npm-all/@next/swc-linux-arm64-musl/-/swc-linux-arm64-musl-13.1.6.tgz#c5aac8619331b9fd030603bbe2b36052011e11de"
  integrity sha1-xarIYZMxuf0DBgO74rNgUgEeEd4=

"@next/swc-linux-x64-gnu@13.1.6":
  version "13.1.6"
  resolved "https://npm.iranrepo.ir/api/npm/npm-all/@next/swc-linux-x64-gnu/-/swc-linux-x64-gnu-13.1.6.tgz#9513d36d540bbfea575576746736054c31aacdea"
  integrity sha1-lRPTbVQLv+pXVXZ0ZzYFTDGqzeo=

"@next/swc-linux-x64-musl@13.1.6":
  version "13.1.6"
  resolved "https://npm.iranrepo.ir/api/npm/npm-all/@next/swc-linux-x64-musl/-/swc-linux-x64-musl-13.1.6.tgz#d61fc6884899f5957251f4ce3f522e34a2c479b7"
  integrity sha1-1h/GiEiZ9ZVyUfTOP1IuNKLEebc=

"@next/swc-win32-arm64-msvc@13.1.6":
  version "13.1.6"
  resolved "https://npm.iranrepo.ir/api/npm/npm-all/@next/swc-win32-arm64-msvc/-/swc-win32-arm64-msvc-13.1.6.tgz#fac2077a8ae9768e31444c9ae90807e64117cda7"
  integrity sha1-+sIHeorpdo4xREya6QgH5kEXzac=

"@next/swc-win32-ia32-msvc@13.1.6":
  version "13.1.6"
  resolved "https://npm.iranrepo.ir/api/npm/npm-all/@next/swc-win32-ia32-msvc/-/swc-win32-ia32-msvc-13.1.6.tgz#498bc11c91b4c482a625bf4b978f98ae91111e46"
  integrity sha1-SYvBHJG0xIKmJb9Ll4+YrpERHkY=

"@next/swc-win32-x64-msvc@13.1.6":
  version "13.1.6"
  resolved "https://npm.iranrepo.ir/api/npm/npm-all/@next/swc-win32-x64-msvc/-/swc-win32-x64-msvc-13.1.6.tgz#17ed919c723426b7d0ce1cd73d40ce3dcd342089"
  integrity sha1-F+2RnHI0JrfQzhzXPUDOPc00IIk=

"@swc/helpers@0.4.14":
  version "0.4.14"
  resolved "https://npm.iranrepo.ir/api/npm/npm-all/@swc/helpers/-/helpers-0.4.14.tgz#1352ac6d95e3617ccb7c1498ff019654f1e12a74"
  integrity sha1-E1KsbZXjYXzLfBSY/wGWVPHhKnQ=
  dependencies:
    tslib "^2.4.0"

"@types/node@18.11.18":
  version "18.11.18"
  resolved "https://npm.iranrepo.ir/api/npm/npm-all/@types/node/-/node-18.11.18.tgz#8dfb97f0da23c2293e554c5a50d61ef134d7697f"
  integrity sha1-jfuX8Nojwik+VUxaUNYe8TTXaX8=

"@types/prop-types@*":
  version "15.7.5"
  resolved "https://npm.iranrepo.ir/api/npm/npm-all/@types/prop-types/-/prop-types-15.7.5.tgz#5f19d2b85a98e9558036f6a3cacc8819420f05cf"
  integrity sha1-XxnSuFqY6VWANvajysyIGUIPBc8=

"@types/react-dom@18.0.10":
  version "18.0.10"
  resolved "https://npm.iranrepo.ir/api/npm/npm-all/@types/react-dom/-/react-dom-18.0.10.tgz#3b66dec56aa0f16a6cc26da9e9ca96c35c0b4352"
  integrity sha1-O2bexWqg8Wpswm2p6cqWw1wLQ1I=
  dependencies:
    "@types/react" "*"

"@types/react@*", "@types/react@18.0.27":
  version "18.0.27"
  resolved "https://npm.iranrepo.ir/api/npm/npm-all/@types/react/-/react-18.0.27.tgz#d9425abe187a00f8a5ec182b010d4fd9da703b71"
  integrity sha1-2UJavhh6APil7BgrAQ1P2dpwO3E=
  dependencies:
    "@types/prop-types" "*"
    "@types/scheduler" "*"
    csstype "^3.0.2"

"@types/scheduler@*":
  version "0.16.2"
  resolved "https://npm.iranrepo.ir/api/npm/npm-all/@types/scheduler/-/scheduler-0.16.2.tgz#1a62f89525723dde24ba1b01b092bf5df8ad4d39"
  integrity sha1-GmL4lSVyPd4kuhsBsJK/XfitTTk=

caniuse-lite@^1.0.30001406:
  version "1.0.30001450"
  resolved "https://npm.iranrepo.ir/api/npm/npm-all/caniuse-lite/-/caniuse-lite-1.0.30001450.tgz#022225b91200589196b814b51b1bbe45144cf74f"
  integrity sha1-AiIluRIAWJGWuBS1Gxu+RRRM908=

client-only@0.0.1:
  version "0.0.1"
  resolved "https://npm.iranrepo.ir/api/npm/npm-all/client-only/-/client-only-0.0.1.tgz#38bba5d403c41ab150bff64a95c85013cf73bca1"
  integrity sha1-OLul1APEGrFQv/ZKlchQE89zvKE=

csstype@^3.0.2:
  version "3.1.1"
  resolved "https://npm.iranrepo.ir/api/npm/npm-all/csstype/-/csstype-3.1.1.tgz#841b532c45c758ee546a11d5bd7b7b473c8c30b9"
  integrity sha1-hBtTLEXHWO5UahHVvXt7RzyMMLk=

"js-tokens@^3.0.0 || ^4.0.0":
  version "4.0.0"
  resolved "https://npm.iranrepo.ir/api/npm/npm-all/js-tokens/-/js-tokens-4.0.0.tgz#19203fb59991df98e3a287050d4647cdeaf32499"
  integrity sha1-GSA/tZmR35jjoocFDUZHzerzJJk=

loose-envify@^1.1.0:
  version "1.4.0"
  resolved "https://npm.iranrepo.ir/api/npm/npm-all/loose-envify/-/loose-envify-1.4.0.tgz#71ee51fa7be4caec1a63839f7e682d8132d30caf"
  integrity sha1-ce5R+nvkyuwaY4OffmgtgTLTDK8=
  dependencies:
    js-tokens "^3.0.0 || ^4.0.0"

nanoid@^3.3.4:
  version "3.3.4"
  resolved "https://npm.iranrepo.ir/api/npm/npm-all/nanoid/-/nanoid-3.3.4.tgz#730b67e3cd09e2deacf03c027c81c9d9dbc5e8ab"
  integrity sha1-cwtn480J4t6s8DwCfIHJ2dvF6Ks=

next@13.1.6:
  version "13.1.6"
  resolved "https://npm.iranrepo.ir/api/npm/npm-all/next/-/next-13.1.6.tgz#054babe20b601f21f682f197063c9b0b32f1a27c"
  integrity sha1-BUur4gtgHyH2gvGXBjybCzLxonw=
  dependencies:
    "@next/env" "13.1.6"
    "@swc/helpers" "0.4.14"
    caniuse-lite "^1.0.30001406"
    postcss "8.4.14"
    styled-jsx "5.1.1"
  optionalDependencies:
    "@next/swc-android-arm-eabi" "13.1.6"
    "@next/swc-android-arm64" "13.1.6"
    "@next/swc-darwin-arm64" "13.1.6"
    "@next/swc-darwin-x64" "13.1.6"
    "@next/swc-freebsd-x64" "13.1.6"
    "@next/swc-linux-arm-gnueabihf" "13.1.6"
    "@next/swc-linux-arm64-gnu" "13.1.6"
    "@next/swc-linux-arm64-musl" "13.1.6"
    "@next/swc-linux-x64-gnu" "13.1.6"
    "@next/swc-linux-x64-musl" "13.1.6"
    "@next/swc-win32-arm64-msvc" "13.1.6"
    "@next/swc-win32-ia32-msvc" "13.1.6"
    "@next/swc-win32-x64-msvc" "13.1.6"

picocolors@^1.0.0:
  version "1.0.0"
  resolved "https://npm.iranrepo.ir/api/npm/npm-all/picocolors/-/picocolors-1.0.0.tgz#cb5bdc74ff3f51892236eaf79d68bc44564ab81c"
  integrity sha1-y1vcdP8/UYkiNur3nWi8RFZKuBw=

postcss@8.4.14:
  version "8.4.14"
  resolved "https://npm.iranrepo.ir/api/npm/npm-all/postcss/-/postcss-8.4.14.tgz#ee9274d5622b4858c1007a74d76e42e56fd21caf"
  integrity sha1-7pJ01WIrSFjBAHp0125C5W/SHK8=
  dependencies:
    nanoid "^3.3.4"
    picocolors "^1.0.0"
    source-map-js "^1.0.2"

react-dom@18.2.0:
  version "18.2.0"
  resolved "https://npm.iranrepo.ir/api/npm/npm-all/react-dom/-/react-dom-18.2.0.tgz#22aaf38708db2674ed9ada224ca4aa708d821e3d"
  integrity sha1-IqrzhwjbJnTtmtoiTKSqcI2CHj0=
  dependencies:
    loose-envify "^1.1.0"
    scheduler "^0.23.0"

react@18.2.0:
  version "18.2.0"
  resolved "https://npm.iranrepo.ir/api/npm/npm-all/react/-/react-18.2.0.tgz#555bd98592883255fa00de14f1151a917b5d77d5"
  integrity sha1-VVvZhZKIMlX6AN4U8RUakXtdd9U=
  dependencies:
    loose-envify "^1.1.0"

scheduler@^0.23.0:
  version "0.23.0"
  resolved "https://npm.iranrepo.ir/api/npm/npm-all/scheduler/-/scheduler-0.23.0.tgz#ba8041afc3d30eb206a487b6b384002e4e61fdfe"
  integrity sha1-uoBBr8PTDrIGpIe2s4QALk5h/f4=
  dependencies:
    loose-envify "^1.1.0"

source-map-js@^1.0.2:
  version "1.0.2"
  resolved "https://npm.iranrepo.ir/api/npm/npm-all/source-map-js/-/source-map-js-1.0.2.tgz#adbc361d9c62df380125e7f161f71c826f1e490c"
  integrity sha1-rbw2HZxi3zgBJefxYfccgm8eSQw=

styled-jsx@5.1.1:
  version "5.1.1"
  resolved "https://npm.iranrepo.ir/api/npm/npm-all/styled-jsx/-/styled-jsx-5.1.1.tgz#839a1c3aaacc4e735fed0781b8619ea5d0009d1f"
  integrity sha1-g5ocOqrMTnNf7QeBuGGepdAAnR8=
  dependencies:
    client-only "0.0.1"

tslib@^2.4.0:
  version "2.5.0"
  resolved "https://npm.iranrepo.ir/api/npm/npm-all/tslib/-/tslib-2.5.0.tgz#42bfed86f5787aeb41d031866c8f402429e0fddf"
  integrity sha1-Qr/thvV4eutB0DGGbI9AJCng/d8=

typescript@4.9.5:
  version "4.9.5"
  resolved "https://npm.iranrepo.ir/api/npm/npm-all/typescript/-/typescript-4.9.5.tgz#095979f9bcc0d09da324d58d03ce8f8374cbe65a"
  integrity sha1-CVl5+bzA0J2jJNWNA86Pg3TL5lo=
